
Microsoft Visual Studio Solution File, Format Version 12.00
# Visual Studio 2013
VisualStudioVersion = 12.0.31101.0
MinimumVisualStudioVersion = 10.0.40219.1
Project("{CC5FD16D-436D-48AD-A40C-5A424C6E3E79}") = "ProgrammingAssignment3ANS", "ProgrammingAssignment3ANS\ProgrammingAssignment3ANS.ccproj", "{B43CD137-A7F2-496F-A4F7-9CB8C88809B8}"
EndProject
Project("{FAE04EC0-301F-11D3-BF4B-00C04F79EFBC}") = "PA3WebRole", "PA3WebRole\PA3WebRole.csproj", "{0957F2D0-8F2F-47BD-B45B-831576F92300}"
EndProject
Project("{FAE04EC0-301F-11D3-BF4B-00C04F79EFBC}") = "PA3WorkerRole", "PA3WorkerRole\PA3WorkerRole.csproj", "{704E0A7C-0074-40B6-8B94-8BCF72FBF27A}"
EndProject
Project("{FAE04EC0-301F-11D3-BF4B-00C04F79EFBC}") = "StorageLibrary", "StorageLibrary\StorageLibrary.csproj", "{8E3F7D9B-472C-4D9E-AF1E-6B21B9C65FC4}"
EndProject
Global
	GlobalSection(SolutionConfigurationPlatforms) = preSolution
		Debug|Any CPU = Debug|Any CPU
		Release|Any CPU = Release|Any CPU
	EndGlobalSection
	GlobalSection(ProjectConfigurationPlatforms) = postSolution
		{B43CD137-A7F2-496F-A4F7-9CB8C88809B8}.Debug|Any CPU.ActiveCfg = Debug|Any CPU
		{B43CD137-A7F2-496F-A4F7-9CB8C88809B8}.Debug|Any CPU.Build.0 = Debug|Any CPU
		{B43CD137-A7F2-496F-A4F7-9CB8C88809B8}.Release|Any CPU.ActiveCfg = Release|Any CPU
		{B43CD137-A7F2-496F-A4F7-9CB8C88809B8}.Release|Any CPU.Build.0 = Release|Any CPU
		{0957F2D0-8F2F-47BD-B45B-831576F92300}.Debug|Any CPU.ActiveCfg = Debug|Any CPU
		{0957F2D0-8F2F-47BD-B45B-831576F92300}.Debug|Any CPU.Build.0 = Debug|Any CPU
		{0957F2D0-8F2F-47BD-B45B-831576F92300}.Release|Any CPU.ActiveCfg = Release|Any CPU
		{0957F2D0-8F2F-47BD-B45B-831576F92300}.Release|Any CPU.Build.0 = Release|Any CPU
		{704E0A7C-0074-40B6-8B94-8BCF72FBF27A}.Debug|Any CPU.ActiveCfg = Debug|Any CPU
		{704E0A7C-0074-40B6-8B94-8BCF72FBF27A}.Debug|Any CPU.Build.0 = Debug|Any CPU
		{704E0A7C-0074-40B6-8B94-8BCF72FBF27A}.Release|Any CPU.ActiveCfg = Release|Any CPU
		{704E0A7C-0074-40B6-8B94-8BCF72FBF27A}.Release|Any CPU.Build.0 = Release|Any CPU
		{8E3F7D9B-472C-4D9E-AF1E-6B21B9C65FC4}.Debug|Any CPU.ActiveCfg = Debug|Any CPU
		{8E3F7D9B-472C-4D9E-AF1E-6B21B9C65FC4}.Debug|Any CPU.Build.0 = Debug|Any CPU
		{8E3F7D9B-472C-4D9E-AF1E-6B21B9C65FC4}.Release|Any CPU.ActiveCfg = Release|Any CPU
		{8E3F7D9B-472C-4D9E-AF1E-6B21B9C65FC4}.Release|Any CPU.Build.0 = Release|Any CPU
	EndGlobalSection
	GlobalSection(SolutionProperties) = preSolution
		HideSolutionNode = FALSE
	EndGlobalSection
EndGlobal
